%{"cowboy": {:hex, :cowboy, "1.0.2"},
  "cowlib": {:hex, :cowlib, "1.0.1"},
  "inflex": {:hex, :inflex, "1.4.1"},
  "joken": {:hex, :joken, "0.11.0"},
  "phoenix": {:hex, :phoenix, "0.15.0"},
  "plug": {:hex, :plug, "0.13.1"},
  "poison": {:hex, :poison, "1.4.0"},
  "ranch": {:hex, :ranch, "1.1.0"},
  "timex": {:hex, :timex, "0.16.2"},
  "tzdata": {:hex, :tzdata, "0.1.6"}}
